// !$*UTF8*$!
{
	archiveVersion = 1;
	classes = {
	};
	objectVersion = 56;
	objects = {

/* Begin PBXBuildFile section */
		AA78607F2B6541D900A739D9 /* AppEntry.swift in Sources */ = {isa = PBXBuildFile; fileRef = AA78607E2B6541D900A739D9 /* AppEntry.swift */; };
		AA7860812B6541D900A739D9 /* StartView.swift in Sources */ = {isa = PBXBuildFile; fileRef = AA7860802B6541D900A739D9 /* StartView.swift */; };
		AA7860832B6541D900A739D9 /* Item.swift in Sources */ = {isa = PBXBuildFile; fileRef = AA7860822B6541D900A739D9 /* Item.swift */; };
		AA7860852B6541DB00A739D9 /* Assets.xcassets in Resources */ = {isa = PBXBuildFile; fileRef = AA7860842B6541DB00A739D9 /* Assets.xcassets */; };
		AA7860892B6541DB00A739D9 /* Preview Assets.xcassets in Resources */ = {isa = PBXBuildFile; fileRef = AA7860882B6541DB00A739D9 /* Preview Assets.xcassets */; };
		AA7860932B6541DB00A739D9 /* TicTacToeTests.swift in Sources */ = {isa = PBXBuildFile; fileRef = AA7860922B6541DB00A739D9 /* TicTacToeTests.swift */; };
		AA78609D2B6541DB00A739D9 /* TicTacToeUITests.swift in Sources */ = {isa = PBXBuildFile; fileRef = AA78609C2B6541DB00A739D9 /* TicTacToeUITests.swift */; };
		AA78609F2B6541DB00A739D9 /* TicTacToeUITestsLaunchTests.swift in Sources */ = {isa = PBXBuildFile; fileRef = AA78609E2B6541DB00A739D9 /* TicTacToeUITestsLaunchTests.swift */; };
		AA7860AC2B65452E00A739D9 /* Launch Screen.storyboard in Resources */ = {isa = PBXBuildFile; fileRef = AA7860AB2B65452E00A739D9 /* Launch Screen.storyboard */; };
		AA7860AF2B65596100A739D9 /* GamesModels.swift in Sources */ = {isa = PBXBuildFile; fileRef = AA7860AE2B65596100A739D9 /* GamesModels.swift */; };
		AA7CAE5C2B65971500931300 /* GameService.swift in Sources */ = {isa = PBXBuildFile; fileRef = AA7CAE5B2B65971500931300 /* GameService.swift */; };
		AA7CAE5E2B65C0C800931300 /* GameSquare.swift in Sources */ = {isa = PBXBuildFile; fileRef = AA7CAE5D2B65C0C800931300 /* GameSquare.swift */; };
		AA7CAE602B65C39E00931300 /* SquareView.swift in Sources */ = {isa = PBXBuildFile; fileRef = AA7CAE5F2B65C39E00931300 /* SquareView.swift */; };
		AA90C5232B66421300C9B9E5 /* YourNameView.swift in Sources */ = {isa = PBXBuildFile; fileRef = AA90C5222B66421300C9B9E5 /* YourNameView.swift */; };
		AA90C5272B6661D500C9B9E5 /* MPconnectionmanager.swift in Sources */ = {isa = PBXBuildFile; fileRef = AA90C5262B6661D500C9B9E5 /* MPconnectionmanager.swift */; };
		AA90C5292B666FE000C9B9E5 /* MPGameMove.swift in Sources */ = {isa = PBXBuildFile; fileRef = AA90C5282B666FE000C9B9E5 /* MPGameMove.swift */; };
		AA90C52B2B667EAD00C9B9E5 /* MPPeersView.swift in Sources */ = {isa = PBXBuildFile; fileRef = AA90C52A2B667EAD00C9B9E5 /* MPPeersView.swift */; };
		AAE323CC2B657ECA00BABF4E /* ViewModifiers.swift in Sources */ = {isa = PBXBuildFile; fileRef = AAE323CB2B657ECA00BABF4E /* ViewModifiers.swift */; };
		AAE323CF2B6581A800BABF4E /* GameView.swift in Sources */ = {isa = PBXBuildFile; fileRef = AAE323CE2B6581A800BABF4E /* GameView.swift */; };
/* End PBXBuildFile section */

/* Begin PBXContainerItemProxy section */
		AA78608F2B6541DB00A739D9 /* PBXContainerItemProxy */ = {
			isa = PBXContainerItemProxy;
			containerPortal = AA7860732B6541D900A739D9 /* Project object */;
			proxyType = 1;
			remoteGlobalIDString = AA78607A2B6541D900A739D9;
			remoteInfo = TicTacToe;
		};
		AA7860992B6541DB00A739D9 /* PBXContainerItemProxy */ = {
			isa = PBXContainerItemProxy;
			containerPortal = AA7860732B6541D900A739D9 /* Project object */;
			proxyType = 1;
			remoteGlobalIDString = AA78607A2B6541D900A739D9;
			remoteInfo = TicTacToe;
		};
/* End PBXContainerItemProxy section */

/* Begin PBXFileReference section */
		AA78607B2B6541D900A739D9 /* TicTacToe.app */ = {isa = PBXFileReference; explicitFileType = wrapper.application; includeInIndex = 0; path = TicTacToe.app; sourceTree = BUILT_PRODUCTS_DIR; };
		AA78607E2B6541D900A739D9 /* AppEntry.swift */ = {isa = PBXFileReference; lastKnownFileType = sourcecode.swift; path = AppEntry.swift; sourceTree = "<group>"; };
		AA7860802B6541D900A739D9 /* StartView.swift */ = {isa = PBXFileReference; lastKnownFileType = sourcecode.swift; path = StartView.swift; sourceTree = "<group>"; };
		AA7860822B6541D900A739D9 /* Item.swift */ = {isa = PBXFileReference; lastKnownFileType = sourcecode.swift; path = Item.swift; sourceTree = "<group>"; };
		AA7860842B6541DB00A739D9 /* Assets.xcassets */ = {isa = PBXFileReference; lastKnownFileType = folder.assetcatalog; path = Assets.xcassets; sourceTree = "<group>"; };
		AA7860862B6541DB00A739D9 /* TicTacToe.entitlements */ = {isa = PBXFileReference; lastKnownFileType = text.plist.entitlements; path = TicTacToe.entitlements; sourceTree = "<group>"; };
		AA7860882B6541DB00A739D9 /* Preview Assets.xcassets */ = {isa = PBXFileReference; lastKnownFileType = folder.assetcatalog; path = "Preview Assets.xcassets"; sourceTree = "<group>"; };
		AA78608E2B6541DB00A739D9 /* TicTacToeTests.xctest */ = {isa = PBXFileReference; explicitFileType = wrapper.cfbundle; includeInIndex = 0; path = TicTacToeTests.xctest; sourceTree = BUILT_PRODUCTS_DIR; };
		AA7860922B6541DB00A739D9 /* TicTacToeTests.swift */ = {isa = PBXFileReference; lastKnownFileType = sourcecode.swift; path = TicTacToeTests.swift; sourceTree = "<group>"; };
		AA7860982B6541DB00A739D9 /* TicTacToeUITests.xctest */ = {isa = PBXFileReference; explicitFileType = wrapper.cfbundle; includeInIndex = 0; path = TicTacToeUITests.xctest; sourceTree = BUILT_PRODUCTS_DIR; };
		AA78609C2B6541DB00A739D9 /* TicTacToeUITests.swift */ = {isa = PBXFileReference; lastKnownFileType = sourcecode.swift; path = TicTacToeUITests.swift; sourceTree = "<group>"; };
		AA78609E2B6541DB00A739D9 /* TicTacToeUITestsLaunchTests.swift */ = {isa = PBXFileReference; lastKnownFileType = sourcecode.swift; path = TicTacToeUITestsLaunchTests.swift; sourceTree = "<group>"; };
		AA7860AB2B65452E00A739D9 /* Launch Screen.storyboard */ = {isa = PBXFileReference; lastKnownFileType = file.storyboard; path = "Launch Screen.storyboard"; sourceTree = "<group>"; };
		AA7860AE2B65596100A739D9 /* GamesModels.swift */ = {isa = PBXFileReference; lastKnownFileType = sourcecode.swift; path = GamesModels.swift; sourceTree = "<group>"; };
		AA7CAE5B2B65971500931300 /* GameService.swift */ = {isa = PBXFileReference; lastKnownFileType = sourcecode.swift; path = GameService.swift; sourceTree = "<group>"; };
		AA7CAE5D2B65C0C800931300 /* GameSquare.swift */ = {isa = PBXFileReference; lastKnownFileType = sourcecode.swift; path = GameSquare.swift; sourceTree = "<group>"; };
		AA7CAE5F2B65C39E00931300 /* SquareView.swift */ = {isa = PBXFileReference; lastKnownFileType = sourcecode.swift; path = SquareView.swift; sourceTree = "<group>"; };
		AA90C5222B66421300C9B9E5 /* YourNameView.swift */ = {isa = PBXFileReference; lastKnownFileType = sourcecode.swift; path = YourNameView.swift; sourceTree = "<group>"; };
		AA90C5242B66609400C9B9E5 /* Info.plist */ = {isa = PBXFileReference; lastKnownFileType = text.plist; path = Info.plist; sourceTree = "<group>"; };
		AA90C5262B6661D500C9B9E5 /* MPconnectionmanager.swift */ = {isa = PBXFileReference; lastKnownFileType = sourcecode.swift; path = MPconnectionmanager.swift; sourceTree = "<group>"; };
		AA90C5282B666FE000C9B9E5 /* MPGameMove.swift */ = {isa = PBXFileReference; lastKnownFileType = sourcecode.swift; path = MPGameMove.swift; sourceTree = "<group>"; };
		AA90C52A2B667EAD00C9B9E5 /* MPPeersView.swift */ = {isa = PBXFileReference; lastKnownFileType = sourcecode.swift; path = MPPeersView.swift; sourceTree = "<group>"; };
		AAE323CB2B657ECA00BABF4E /* ViewModifiers.swift */ = {isa = PBXFileReference; lastKnownFileType = sourcecode.swift; path = ViewModifiers.swift; sourceTree = "<group>"; };
		AAE323CE2B6581A800BABF4E /* GameView.swift */ = {isa = PBXFileReference; lastKnownFileType = sourcecode.swift; path = GameView.swift; sourceTree = "<group>"; };
/* End PBXFileReference section */

/* Begin PBXFrameworksBuildPhase section */
		AA7860782B6541D900A739D9 /* Frameworks */ = {
			isa = PBXFrameworksBuildPhase;
			buildActionMask = 2147483647;
			files = (
			);
			runOnlyForDeploymentPostprocessing = 0;
		};
		AA78608B2B6541DB00A739D9 /* Frameworks */ = {
			isa = PBXFrameworksBuildPhase;
			buildActionMask = 2147483647;
			files = (
			);
			runOnlyForDeploymentPostprocessing = 0;
		};
		AA7860952B6541DB00A739D9 /* Frameworks */ = {
			isa = PBXFrameworksBuildPhase;
			buildActionMask = 2147483647;
			files = (
			);
			runOnlyForDeploymentPostprocessing = 0;
		};
/* End PBXFrameworksBuildPhase section */

/* Begin PBXGroup section */
		AA7860722B6541D900A739D9 = {
			isa = PBXGroup;
			children = (
				AA78607D2B6541D900A739D9 /* TicTacToe */,
				AA7860912B6541DB00A739D9 /* TicTacToeTests */,
				AA78609B2B6541DB00A739D9 /* TicTacToeUITests */,
				AA78607C2B6541D900A739D9 /* Products */,
			);
			sourceTree = "<group>";
		};
		AA78607C2B6541D900A739D9 /* Products */ = {
			isa = PBXGroup;
			children = (
				AA78607B2B6541D900A739D9 /* TicTacToe.app */,
				AA78608E2B6541DB00A739D9 /* TicTacToeTests.xctest */,
				AA7860982B6541DB00A739D9 /* TicTacToeUITests.xctest */,
			);
			name = Products;
			sourceTree = "<group>";
		};
		AA78607D2B6541D900A739D9 /* TicTacToe */ = {
			isa = PBXGroup;
			children = (
				AA90C5242B66609400C9B9E5 /* Info.plist */,
				AA78607E2B6541D900A739D9 /* AppEntry.swift */,
				AA90C5222B66421300C9B9E5 /* YourNameView.swift */,
				AA7860802B6541D900A739D9 /* StartView.swift */,
				AAE323CD2B65818200BABF4E /* Game Screen */,
				AA90C5252B66617900C9B9E5 /* MultiPeerConectivity */,
				AA7860AD2B65592500A739D9 /* Models */,
				AAE323CA2B657E3000BABF4E /* Utilites */,
				AA7860822B6541D900A739D9 /* Item.swift */,
				AA7860842B6541DB00A739D9 /* Assets.xcassets */,
				AA7860862B6541DB00A739D9 /* TicTacToe.entitlements */,
				AA7860872B6541DB00A739D9 /* Preview Content */,
				AA7860AB2B65452E00A739D9 /* Launch Screen.storyboard */,
			);
			path = TicTacToe;
			sourceTree = "<group>";
		};
		AA7860872B6541DB00A739D9 /* Preview Content */ = {
			isa = PBXGroup;
			children = (
				AA7860882B6541DB00A739D9 /* Preview Assets.xcassets */,
			);
			path = "Preview Content";
			sourceTree = "<group>";
		};
		AA7860912B6541DB00A739D9 /* TicTacToeTests */ = {
			isa = PBXGroup;
			children = (
				AA7860922B6541DB00A739D9 /* TicTacToeTests.swift */,
			);
			path = TicTacToeTests;
			sourceTree = "<group>";
		};
		AA78609B2B6541DB00A739D9 /* TicTacToeUITests */ = {
			isa = PBXGroup;
			children = (
				AA78609C2B6541DB00A739D9 /* TicTacToeUITests.swift */,
				AA78609E2B6541DB00A739D9 /* TicTacToeUITestsLaunchTests.swift */,
			);
			path = TicTacToeUITests;
			sourceTree = "<group>";
		};
		AA7860AD2B65592500A739D9 /* Models */ = {
			isa = PBXGroup;
			children = (
				AA7860AE2B65596100A739D9 /* GamesModels.swift */,
			);
			path = Models;
			sourceTree = "<group>";
		};
		AA90C5252B66617900C9B9E5 /* MultiPeerConectivity */ = {
			isa = PBXGroup;
			children = (
				AA90C5262B6661D500C9B9E5 /* MPconnectionmanager.swift */,
				AA90C52A2B667EAD00C9B9E5 /* MPPeersView.swift */,
				AA90C5282B666FE000C9B9E5 /* MPGameMove.swift */,
			);
			path = MultiPeerConectivity;
			sourceTree = "<group>";
		};
		AAE323CA2B657E3000BABF4E /* Utilites */ = {
			isa = PBXGroup;
			children = (
				AAE323CB2B657ECA00BABF4E /* ViewModifiers.swift */,
			);
			path = Utilites;
			sourceTree = "<group>";
		};
		AAE323CD2B65818200BABF4E /* Game Screen */ = {
			isa = PBXGroup;
			children = (
				AAE323CE2B6581A800BABF4E /* GameView.swift */,
				AA7CAE5D2B65C0C800931300 /* GameSquare.swift */,
				AA7CAE5B2B65971500931300 /* GameService.swift */,
				AA7CAE5F2B65C39E00931300 /* SquareView.swift */,
			);
			path = "Game Screen";
			sourceTree = "<group>";
		};
/* End PBXGroup section */

/* Begin PBXNativeTarget section */
		AA78607A2B6541D900A739D9 /* TicTacToe */ = {
			isa = PBXNativeTarget;
			buildConfigurationList = AA7860A22B6541DB00A739D9 /* Build configuration list for PBXNativeTarget "TicTacToe" */;
			buildPhases = (
				AA7860772B6541D900A739D9 /* Sources */,
				AA7860782B6541D900A739D9 /* Frameworks */,
				AA7860792B6541D900A739D9 /* Resources */,
			);
			buildRules = (
			);
			dependencies = (
			);
			name = TicTacToe;
			productName = TicTacToe;
			productReference = AA78607B2B6541D900A739D9 /* TicTacToe.app */;
			productType = "com.apple.product-type.application";
		};
		AA78608D2B6541DB00A739D9 /* TicTacToeTests */ = {
			isa = PBXNativeTarget;
			buildConfigurationList = AA7860A52B6541DB00A739D9 /* Build configuration list for PBXNativeTarget "TicTacToeTests" */;
			buildPhases = (
				AA78608A2B6541DB00A739D9 /* Sources */,
				AA78608B2B6541DB00A739D9 /* Frameworks */,
				AA78608C2B6541DB00A739D9 /* Resources */,
			);
			buildRules = (
			);
			dependencies = (
				AA7860902B6541DB00A739D9 /* PBXTargetDependency */,
			);
			name = TicTacToeTests;
			productName = TicTacToeTests;
			productReference = AA78608E2B6541DB00A739D9 /* TicTacToeTests.xctest */;
			productType = "com.apple.product-type.bundle.unit-test";
		};
		AA7860972B6541DB00A739D9 /* TicTacToeUITests */ = {
			isa = PBXNativeTarget;
			buildConfigurationList = AA7860A82B6541DB00A739D9 /* Build configuration list for PBXNativeTarget "TicTacToeUITests" */;
			buildPhases = (
				AA7860942B6541DB00A739D9 /* Sources */,
				AA7860952B6541DB00A739D9 /* Frameworks */,
				AA7860962B6541DB00A739D9 /* Resources */,
			);
			buildRules = (
			);
			dependencies = (
				AA78609A2B6541DB00A739D9 /* PBXTargetDependency */,
			);
			name = TicTacToeUITests;
			productName = TicTacToeUITests;
			productReference = AA7860982B6541DB00A739D9 /* TicTacToeUITests.xctest */;
			productType = "com.apple.product-type.bundle.ui-testing";
		};
/* End PBXNativeTarget section */

/* Begin PBXProject section */
		AA7860732B6541D900A739D9 /* Project object */ = {
			isa = PBXProject;
			attributes = {
				BuildIndependentTargetsInParallel = 1;
				LastSwiftUpdateCheck = 1520;
				LastUpgradeCheck = 1540;
				TargetAttributes = {
					AA78607A2B6541D900A739D9 = {
						CreatedOnToolsVersion = 15.2;
					};
					AA78608D2B6541DB00A739D9 = {
						CreatedOnToolsVersion = 15.2;
						TestTargetID = AA78607A2B6541D900A739D9;
					};
					AA7860972B6541DB00A739D9 = {
						CreatedOnToolsVersion = 15.2;
						TestTargetID = AA78607A2B6541D900A739D9;
					};
				};
			};
			buildConfigurationList = AA7860762B6541D900A739D9 /* Build configuration list for PBXProject "TicTacToe" */;
			compatibilityVersion = "Xcode 14.0";
			developmentRegion = en;
			hasScannedForEncodings = 0;
			knownRegions = (
				en,
				Base,
			);
			mainGroup = AA7860722B6541D900A739D9;
			productRefGroup = AA78607C2B6541D900A739D9 /* Products */;
			projectDirPath = "";
			projectRoot = "";
			targets = (
				AA78607A2B6541D900A739D9 /* TicTacToe */,
				AA78608D2B6541DB00A739D9 /* TicTacToeTests */,
				AA7860972B6541DB00A739D9 /* TicTacToeUITests */,
			);
		};
/* End PBXProject section */

/* Begin PBXResourcesBuildPhase section */
		AA7860792B6541D900A739D9 /* Resources */ = {
			isa = PBXResourcesBuildPhase;
			buildActionMask = 2147483647;
			files = (
				AA7860AC2B65452E00A739D9 /* Launch Screen.storyboard in Resources */,
				AA7860892B6541DB00A739D9 /* Preview Assets.xcassets in Resources */,
				AA7860852B6541DB00A739D9 /* Assets.xcassets in Resources */,
			);
			runOnlyForDeploymentPostprocessing = 0;
		};
		AA78608C2B6541DB00A739D9 /* Resources */ = {
			isa = PBXResourcesBuildPhase;
			buildActionMask = 2147483647;
			files = (
			);
			runOnlyForDeploymentPostprocessing = 0;
		};
		AA7860962B6541DB00A739D9 /* Resources */ = {
			isa = PBXResourcesBuildPhase;
			buildActionMask = 2147483647;
			files = (
			);
			runOnlyForDeploymentPostprocessing = 0;
		};
/* End PBXResourcesBuildPhase section */

/* Begin PBXSourcesBuildPhase section */
		AA7860772B6541D900A739D9 /* Sources */ = {
			isa = PBXSourcesBuildPhase;
			buildActionMask = 2147483647;
			files = (
				AAE323CC2B657ECA00BABF4E /* ViewModifiers.swift in Sources */,
				AA7CAE5C2B65971500931300 /* GameService.swift in Sources */,
				AA7860812B6541D900A739D9 /* StartView.swift in Sources */,
				AA90C52B2B667EAD00C9B9E5 /* MPPeersView.swift in Sources */,
				AA7860AF2B65596100A739D9 /* GamesModels.swift in Sources */,
				AA7860832B6541D900A739D9 /* Item.swift in Sources */,
				AA90C5292B666FE000C9B9E5 /* MPGameMove.swift in Sources */,
				AA90C5272B6661D500C9B9E5 /* MPconnectionmanager.swift in Sources */,
				AAE323CF2B6581A800BABF4E /* GameView.swift in Sources */,
				AA7CAE602B65C39E00931300 /* SquareView.swift in Sources */,
				AA7CAE5E2B65C0C800931300 /* GameSquare.swift in Sources */,
				AA90C5232B66421300C9B9E5 /* YourNameView.swift in Sources */,
				AA78607F2B6541D900A739D9 /* AppEntry.swift in Sources */,
			);
			runOnlyForDeploymentPostprocessing = 0;
		};
		AA78608A2B6541DB00A739D9 /* Sources */ = {
			isa = PBXSourcesBuildPhase;
			buildActionMask = 2147483647;
			files = (
				AA7860932B6541DB00A739D9 /* TicTacToeTests.swift in Sources */,
			);
			runOnlyForDeploymentPostprocessing = 0;
		};
		AA7860942B6541DB00A739D9 /* Sources */ = {
			isa = PBXSourcesBuildPhase;
			buildActionMask = 2147483647;
			files = (
				AA78609D2B6541DB00A739D9 /* TicTacToeUITests.swift in Sources */,
				AA78609F2B6541DB00A739D9 /* TicTacToeUITestsLaunchTests.swift in Sources */,
			);
			runOnlyForDeploymentPostprocessing = 0;
		};
/* End PBXSourcesBuildPhase section */

/* Begin PBXTargetDependency section */
		AA7860902B6541DB00A739D9 /* PBXTargetDependency */ = {
			isa = PBXTargetDependency;
			target = AA78607A2B6541D900A739D9 /* TicTacToe */;
			targetProxy = AA78608F2B6541DB00A739D9 /* PBXContainerItemProxy */;
		};
		AA78609A2B6541DB00A739D9 /* PBXTargetDependency */ = {
			isa = PBXTargetDependency;
			target = AA78607A2B6541D900A739D9 /* TicTacToe */;
			targetProxy = AA7860992B6541DB00A739D9 /* PBXContainerItemProxy */;
		};
/* End PBXTargetDependency section */

/* Begin XCBuildConfiguration section */
		AA7860A02B6541DB00A739D9 /* Debug */ = {
			isa = XCBuildConfiguration;
			buildSettings = {
				ALWAYS_SEARCH_USER_PATHS = NO;
				ASSETCATALOG_COMPILER_GENERATE_SWIFT_ASSET_SYMBOL_EXTENSIONS = YES;
				CLANG_ANALYZER_NONNULL = YES;
				CLANG_ANALYZER_NUMBER_OBJECT_CONVERSION = YES_AGGRESSIVE;
				CLANG_CXX_LANGUAGE_STANDARD = "gnu++20";
				CLANG_ENABLE_MODULES = YES;
				CLANG_ENABLE_OBJC_ARC = YES;
				CLANG_ENABLE_OBJC_WEAK = YES;
				CLANG_WARN_BLOCK_CAPTURE_AUTORELEASING = YES;
				CLANG_WARN_BOOL_CONVERSION = YES;
				CLANG_WARN_COMMA = YES;
				CLANG_WARN_CONSTANT_CONVERSION = YES;
				CLANG_WARN_DEPRECATED_OBJC_IMPLEMENTATIONS = YES;
				CLANG_WARN_DIRECT_OBJC_ISA_USAGE = YES_ERROR;
				CLANG_WARN_DOCUMENTATION_COMMENTS = YES;
				CLANG_WARN_EMPTY_BODY = YES;
				CLANG_WARN_ENUM_CONVERSION = YES;
				CLANG_WARN_INFINITE_RECURSION = YES;
				CLANG_WARN_INT_CONVERSION = YES;
				CLANG_WARN_NON_LITERAL_NULL_CONVERSION = YES;
				CLANG_WARN_OBJC_IMPLICIT_RETAIN_SELF = YES;
				CLANG_WARN_OBJC_LITERAL_CONVERSION = YES;
				CLANG_WARN_OBJC_ROOT_CLASS = YES_ERROR;
				CLANG_WARN_QUOTED_INCLUDE_IN_FRAMEWORK_HEADER = YES;
				CLANG_WARN_RANGE_LOOP_ANALYSIS = YES;
				CLANG_WARN_STRICT_PROTOTYPES = YES;
				CLANG_WARN_SUSPICIOUS_MOVE = YES;
				CLANG_WARN_UNGUARDED_AVAILABILITY = YES_AGGRESSIVE;
				CLANG_WARN_UNREACHABLE_CODE = YES;
				CLANG_WARN__DUPLICATE_METHOD_MATCH = YES;
				COPY_PHASE_STRIP = NO;
				DEAD_CODE_STRIPPING = YES;
				DEBUG_INFORMATION_FORMAT = dwarf;
				ENABLE_STRICT_OBJC_MSGSEND = YES;
				ENABLE_TESTABILITY = YES;
				ENABLE_USER_SCRIPT_SANDBOXING = YES;
				GCC_C_LANGUAGE_STANDARD = gnu17;
				GCC_DYNAMIC_NO_PIC = NO;
				GCC_NO_COMMON_BLOCKS = YES;
				GCC_OPTIMIZATION_LEVEL = 0;
				GCC_PREPROCESSOR_DEFINITIONS = (
					"DEBUG=1",
					"$(inherited)",
				);
				GCC_WARN_64_TO_32_BIT_CONVERSION = YES;
				GCC_WARN_ABOUT_RETURN_TYPE = YES_ERROR;
				GCC_WARN_UNDECLARED_SELECTOR = YES;
				GCC_WARN_UNINITIALIZED_AUTOS = YES_AGGRESSIVE;
				GCC_WARN_UNUSED_FUNCTION = YES;
				GCC_WARN_UNUSED_VARIABLE = YES;
				IPHONEOS_DEPLOYMENT_TARGET = 17.0;
				LOCALIZATION_PREFERS_STRING_CATALOGS = YES;
				MACOSX_DEPLOYMENT_TARGET = 14.0;
				MTL_ENABLE_DEBUG_INFO = INCLUDE_SOURCE;
				MTL_FAST_MATH = YES;
				ONLY_ACTIVE_ARCH = YES;
				SWIFT_ACTIVE_COMPILATION_CONDITIONS = "DEBUG $(inherited)";
				SWIFT_OPTIMIZATION_LEVEL = "-Onone";
			};
			name = Debug;
		};
		AA7860A12B6541DB00A739D9 /* Release */ = {
			isa = XCBuildConfiguration;
			buildSettings = {
				ALWAYS_SEARCH_USER_PATHS = NO;
				ASSETCATALOG_COMPILER_GENERATE_SWIFT_ASSET_SYMBOL_EXTENSIONS = YES;
				CLANG_ANALYZER_NONNULL = YES;
				CLANG_ANALYZER_NUMBER_OBJECT_CONVERSION = YES_AGGRESSIVE;
				CLANG_CXX_LANGUAGE_STANDARD = "gnu++20";
				CLANG_ENABLE_MODULES = YES;
				CLANG_ENABLE_OBJC_ARC = YES;
				CLANG_ENABLE_OBJC_WEAK = YES;
				CLANG_WARN_BLOCK_CAPTURE_AUTORELEASING = YES;
				CLANG_WARN_BOOL_CONVERSION = YES;
				CLANG_WARN_COMMA = YES;
				CLANG_WARN_CONSTANT_CONVERSION = YES;
				CLANG_WARN_DEPRECATED_OBJC_IMPLEMENTATIONS = YES;
				CLANG_WARN_DIRECT_OBJC_ISA_USAGE = YES_ERROR;
				CLANG_WARN_DOCUMENTATION_COMMENTS = YES;
				CLANG_WARN_EMPTY_BODY = YES;
				CLANG_WARN_ENUM_CONVERSION = YES;
				CLANG_WARN_INFINITE_RECURSION = YES;
				CLANG_WARN_INT_CONVERSION = YES;
				CLANG_WARN_NON_LITERAL_NULL_CONVERSION = YES;
				CLANG_WARN_OBJC_IMPLICIT_RETAIN_SELF = YES;
				CLANG_WARN_OBJC_LITERAL_CONVERSION = YES;
				CLANG_WARN_OBJC_ROOT_CLASS = YES_ERROR;
				CLANG_WARN_QUOTED_INCLUDE_IN_FRAMEWORK_HEADER = YES;
				CLANG_WARN_RANGE_LOOP_ANALYSIS = YES;
				CLANG_WARN_STRICT_PROTOTYPES = YES;
				CLANG_WARN_SUSPICIOUS_MOVE = YES;
				CLANG_WARN_UNGUARDED_AVAILABILITY = YES_AGGRESSIVE;
				CLANG_WARN_UNREACHABLE_CODE = YES;
				CLANG_WARN__DUPLICATE_METHOD_MATCH = YES;
				COPY_PHASE_STRIP = NO;
				DEAD_CODE_STRIPPING = YES;
				DEBUG_INFORMATION_FORMAT = "dwarf-with-dsym";
				ENABLE_NS_ASSERTIONS = NO;
				ENABLE_STRICT_OBJC_MSGSEND = YES;
				ENABLE_USER_SCRIPT_SANDBOXING = YES;
				GCC_C_LANGUAGE_STANDARD = gnu17;
				GCC_NO_COMMON_BLOCKS = YES;
				GCC_WARN_64_TO_32_BIT_CONVERSION = YES;
				GCC_WARN_ABOUT_RETURN_TYPE = YES_ERROR;
				GCC_WARN_UNDECLARED_SELECTOR = YES;
				GCC_WARN_UNINITIALIZED_AUTOS = YES_AGGRESSIVE;
				GCC_WARN_UNUSED_FUNCTION = YES;
				GCC_WARN_UNUSED_VARIABLE = YES;
				IPHONEOS_DEPLOYMENT_TARGET = 17.0;
				LOCALIZATION_PREFERS_STRING_CATALOGS = YES;
				MACOSX_DEPLOYMENT_TARGET = 14.0;
				MTL_ENABLE_DEBUG_INFO = NO;
				MTL_FAST_MATH = YES;
				SWIFT_COMPILATION_MODE = wholemodule;
			};
			name = Release;
		};
		AA7860A32B6541DB00A739D9 /* Debug */ = {
			isa = XCBuildConfiguration;
			buildSettings = {
				ASSETCATALOG_COMPILER_APPICON_NAME = AppIcon;
				ASSETCATALOG_COMPILER_GLOBAL_ACCENT_COLOR_NAME = AccentColor;
				CODE_SIGN_ENTITLEMENTS = TicTacToe/TicTacToe.entitlements;
				CODE_SIGN_STYLE = Automatic;
				CURRENT_PROJECT_VERSION = 1;
				DEAD_CODE_STRIPPING = YES;
				DEVELOPMENT_ASSET_PATHS = "\"TicTacToe/Preview Content\"";
				DEVELOPMENT_TEAM = 5Q286T98A4;
				ENABLE_HARDENED_RUNTIME = YES;
				ENABLE_PREVIEWS = YES;
				GENERATE_INFOPLIST_FILE = YES;
				INFOPLIST_FILE = TicTacToe/Info.plist;
				INFOPLIST_KEY_NSLocalNetworkUsageDescription = "Would like to play TIcTacToe";
				"INFOPLIST_KEY_UIApplicationSceneManifest_Generation[sdk=iphoneos*]" = YES;
				"INFOPLIST_KEY_UIApplicationSceneManifest_Generation[sdk=iphonesimulator*]" = YES;
				"INFOPLIST_KEY_UIApplicationSupportsIndirectInputEvents[sdk=iphoneos*]" = YES;
				"INFOPLIST_KEY_UIApplicationSupportsIndirectInputEvents[sdk=iphonesimulator*]" = YES;
				"INFOPLIST_KEY_UILaunchScreen_Generation[sdk=iphoneos*]" = YES;
				"INFOPLIST_KEY_UILaunchScreen_Generation[sdk=iphonesimulator*]" = YES;
				INFOPLIST_KEY_UILaunchStoryboardName = "Launch Screen.storyboard";
				"INFOPLIST_KEY_UIStatusBarStyle[sdk=iphoneos*]" = UIStatusBarStyleDefault;
				"INFOPLIST_KEY_UIStatusBarStyle[sdk=iphonesimulator*]" = UIStatusBarStyleDefault;
				INFOPLIST_KEY_UISupportedInterfaceOrientations = UIInterfaceOrientationPortrait;
				INFOPLIST_KEY_UISupportedInterfaceOrientations_iPad = "UIInterfaceOrientationLandscapeLeft UIInterfaceOrientationLandscapeRight UIInterfaceOrientationPortrait UIInterfaceOrientationPortraitUpsideDown";
				IPHONEOS_DEPLOYMENT_TARGET = 17.0;
				LD_RUNPATH_SEARCH_PATHS = "@executable_path/Frameworks";
				"LD_RUNPATH_SEARCH_PATHS[sdk=macosx*]" = "@executable_path/../Frameworks";
				MACOSX_DEPLOYMENT_TARGET = 14.0;
				MARKETING_VERSION = 1.0;
				PRODUCT_BUNDLE_IDENTIFIER = com.game.TicTacToe;
				PRODUCT_NAME = "$(TARGET_NAME)";
				SDKROOT = auto;
				SUPPORTED_PLATFORMS = "iphoneos iphonesimulator";
				SUPPORTS_MACCATALYST = NO;
				SWIFT_EMIT_LOC_STRINGS = YES;
				SWIFT_VERSION = 5.0;
				TARGETED_DEVICE_FAMILY = "1,2";
			};
			name = Debug;
		};
		AA7860A42B6541DB00A739D9 /* Release */ = {
			isa = XCBuildConfiguration;
			buildSettings = {
				ASSETCATALOG_COMPILER_APPICON_NAME = AppIcon;
				ASSETCATALOG_COMPILER_GLOBAL_ACCENT_COLOR_NAME = AccentColor;
				CODE_SIGN_ENTITLEMENTS = TicTacToe/TicTacToe.entitlements;
				CODE_SIGN_STYLE = Automatic;
				CURRENT_PROJECT_VERSION = 1;
				DEAD_CODE_STRIPPING = YES;
				DEVELOPMENT_ASSET_PATHS = "\"TicTacToe/Preview Content\"";
				DEVELOPMENT_TEAM = 5Q286T98A4;
				ENABLE_HARDENED_RUNTIME = YES;
				ENABLE_PREVIEWS = YES;
				GENERATE_INFOPLIST_FILE = YES;
				INFOPLIST_FILE = TicTacToe/Info.plist;
				INFOPLIST_KEY_NSLocalNetworkUsageDescription = "Would like to play TIcTacToe";
				"INFOPLIST_KEY_UIApplicationSceneManifest_Generation[sdk=iphoneos*]" = YES;
				"INFOPLIST_KEY_UIApplicationSceneManifest_Generation[sdk=iphonesimulator*]" = YES;
				"INFOPLIST_KEY_UIApplicationSupportsIndirectInputEvents[sdk=iphoneos*]" = YES;
				"INFOPLIST_KEY_UIApplicationSupportsIndirectInputEvents[sdk=iphonesimulator*]" = YES;
				"INFOPLIST_KEY_UILaunchScreen_Generation[sdk=iphoneos*]" = YES;
				"INFOPLIST_KEY_UILaunchScreen_Generation[sdk=iphonesimulator*]" = YES;
				INFOPLIST_KEY_UILaunchStoryboardName = "Launch Screen.storyboard";
				"INFOPLIST_KEY_UIStatusBarStyle[sdk=iphoneos*]" = UIStatusBarStyleDefault;
				"INFOPLIST_KEY_UIStatusBarStyle[sdk=iphonesimulator*]" = UIStatusBarStyleDefault;
				INFOPLIST_KEY_UISupportedInterfaceOrientations = UIInterfaceOrientationPortrait;
				INFOPLIST_KEY_UISupportedInterfaceOrientations_iPad = "UIInterfaceOrientationLandscapeLeft UIInterfaceOrientationLandscapeRight UIInterfaceOrientationPortrait UIInterfaceOrientationPortraitUpsideDown";
				IPHONEOS_DEPLOYMENT_TARGET = 17.0;
				LD_RUNPATH_SEARCH_PATHS = "@executable_path/Frameworks";
				"LD_RUNPATH_SEARCH_PATHS[sdk=macosx*]" = "@executable_path/../Frameworks";
				MACOSX_DEPLOYMENT_TARGET = 14.0;
				MARKETING_VERSION = 1.0;
				PRODUCT_BUNDLE_IDENTIFIER = com.game.TicTacToe;
				PRODUCT_NAME = "$(TARGET_NAME)";
				SDKROOT = auto;
				SUPPORTED_PLATFORMS = "iphoneos iphonesimulator";
				SUPPORTS_MACCATALYST = NO;
				SWIFT_EMIT_LOC_STRINGS = YES;
				SWIFT_VERSION = 5.0;
				TARGETED_DEVICE_FAMILY = "1,2";
			};
			name = Release;
		};
		AA7860A62B6541DB00A739D9 /* Debug */ = {
			isa = XCBuildConfiguration;
			buildSettings = {
				ALWAYS_EMBED_SWIFT_STANDARD_LIBRARIES = YES;
				BUNDLE_LOADER = "$(TEST_HOST)";
				CODE_SIGN_STYLE = Automatic;
				CURRENT_PROJECT_VERSION = 1;
				DEAD_CODE_STRIPPING = YES;
				DEVELOPMENT_TEAM = 5Q286T98A4;
				GENERATE_INFOPLIST_FILE = YES;
				IPHONEOS_DEPLOYMENT_TARGET = 17.0;
				MACOSX_DEPLOYMENT_TARGET = 14.2;
				MARKETING_VERSION = 1.0;
				PRODUCT_BUNDLE_IDENTIFIER = com.game.TicTacToeTests;
				PRODUCT_NAME = "$(TARGET_NAME)";
				SDKROOT = auto;
				SUPPORTED_PLATFORMS = "iphoneos iphonesimulator macosx";
				SWIFT_EMIT_LOC_STRINGS = NO;
				SWIFT_VERSION = 5.0;
				TARGETED_DEVICE_FAMILY = "1,2";
				TEST_HOST = "$(BUILT_PRODUCTS_DIR)/TicTacToe.app/$(BUNDLE_EXECUTABLE_FOLDER_PATH)/TicTacToe";
			};
			name = Debug;
		};
		AA7860A72B6541DB00A739D9 /* Release */ = {
			isa = XCBuildConfiguration;
			buildSettings = {
				ALWAYS_EMBED_SWIFT_STANDARD_LIBRARIES = YES;
				BUNDLE_LOADER = "$(TEST_HOST)";
				CODE_SIGN_STYLE = Automatic;
				CURRENT_PROJECT_VERSION = 1;
				DEAD_CODE_STRIPPING = YES;
				DEVELOPMENT_TEAM = 5Q286T98A4;
				GENERATE_INFOPLIST_FILE = YES;
				IPHONEOS_DEPLOYMENT_TARGET = 17.0;
				MACOSX_DEPLOYMENT_TARGET = 14.2;
				MARKETING_VERSION = 1.0;
				PRODUCT_BUNDLE_IDENTIFIER = com.game.TicTacToeTests;
				PRODUCT_NAME = "$(TARGET_NAME)";
				SDKROOT = auto;
				SUPPORTED_PLATFORMS = "iphoneos iphonesimulator macosx";
				SWIFT_EMIT_LOC_STRINGS = NO;
				SWIFT_VERSION = 5.0;
				TARGETED_DEVICE_FAMILY = "1,2";
				TEST_HOST = "$(BUILT_PRODUCTS_DIR)/TicTacToe.app/$(BUNDLE_EXECUTABLE_FOLDER_PATH)/TicTacToe";
			};
			name = Release;
		};
		AA7860A92B6541DB00A739D9 /* Debug */ = {
			isa = XCBuildConfiguration;
			buildSettings = {
				ALWAYS_EMBED_SWIFT_STANDARD_LIBRARIES = YES;
				CODE_SIGN_STYLE = Automatic;
				CURRENT_PROJECT_VERSION = 1;
				DEAD_CODE_STRIPPING = YES;
				DEVELOPMENT_TEAM = 5Q286T98A4;
				GENERATE_INFOPLIST_FILE = YES;
				IPHONEOS_DEPLOYMENT_TARGET = 17.0;
				MACOSX_DEPLOYMENT_TARGET = 14.2;
				MARKETING_VERSION = 1.0;
				PRODUCT_BUNDLE_IDENTIFIER = com.game.TicTacToeUITests;
				PRODUCT_NAME = "$(TARGET_NAME)";
				SDKROOT = auto;
				SUPPORTED_PLATFORMS = "iphoneos iphonesimulator macosx";
				SWIFT_EMIT_LOC_STRINGS = NO;
				SWIFT_VERSION = 5.0;
				TARGETED_DEVICE_FAMILY = "1,2";
				TEST_TARGET_NAME = TicTacToe;
			};
			name = Debug;
		};
		AA7860AA2B6541DB00A739D9 /* Release */ = {
			isa = XCBuildConfiguration;
			buildSettings = {
				ALWAYS_EMBED_SWIFT_STANDARD_LIBRARIES = YES;
				CODE_SIGN_STYLE = Automatic;
				CURRENT_PROJECT_VERSION = 1;
				DEAD_CODE_STRIPPING = YES;
				DEVELOPMENT_TEAM = 5Q286T98A4;
				GENERATE_INFOPLIST_FILE = YES;
				IPHONEOS_DEPLOYMENT_TARGET = 17.0;
				MACOSX_DEPLOYMENT_TARGET = 14.2;
				MARKETING_VERSION = 1.0;
				PRODUCT_BUNDLE_IDENTIFIER = com.game.TicTacToeUITests;
				PRODUCT_NAME = "$(TARGET_NAME)";
				SDKROOT = auto;
				SUPPORTED_PLATFORMS = "iphoneos iphonesimulator macosx";
				SWIFT_EMIT_LOC_STRINGS = NO;
				SWIFT_VERSION = 5.0;
				TARGETED_DEVICE_FAMILY = "1,2";
				TEST_TARGET_NAME = TicTacToe;
			};
			name = Release;
		};
/* End XCBuildConfiguration section */

/* Begin XCConfigurationList section */
		AA7860762B6541D900A739D9 /* Build configuration list for PBXProject "TicTacToe" */ = {
			isa = XCConfigurationList;
			buildConfigurations = (
				AA7860A02B6541DB00A739D9 /* Debug */,
				AA7860A12B6541DB00A739D9 /* Release */,
			);
			defaultConfigurationIsVisible = 0;
			defaultConfigurationName = Release;
		};
		AA7860A22B6541DB00A739D9 /* Build configuration list for PBXNativeTarget "TicTacToe" */ = {
			isa = XCConfigurationList;
			buildConfigurations = (
				AA7860A32B6541DB00A739D9 /* Debug */,
				AA7860A42B6541DB00A739D9 /* Release */,
			);
			defaultConfigurationIsVisible = 0;
			defaultConfigurationName = Release;
		};
		AA7860A52B6541DB00A739D9 /* Build configuration list for PBXNativeTarget "TicTacToeTests" */ = {
			isa = XCConfigurationList;
			buildConfigurations = (
				AA7860A62B6541DB00A739D9 /* Debug */,
				AA7860A72B6541DB00A739D9 /* Release */,
			);
			defaultConfigurationIsVisible = 0;
			defaultConfigurationName = Release;
		};
		AA7860A82B6541DB00A739D9 /* Build configuration list for PBXNativeTarget "TicTacToeUITests" */ = {
			isa = XCConfigurationList;
			buildConfigurations = (
				AA7860A92B6541DB00A739D9 /* Debug */,
				AA7860AA2B6541DB00A739D9 /* Release */,
			);
			defaultConfigurationIsVisible = 0;
			defaultConfigurationName = Release;
		};
/* End XCConfigurationList section */
	};
	rootObject = AA7860732B6541D900A739D9 /* Project object */;
}
